
Microsoft Visual Studio Solution File, Format Version 12.00
# Visual Studio Version 16
VisualStudioVersion = 16.0.29806.167
MinimumVisualStudioVersion = 10.0.40219.1
Project("{FAE04EC0-301F-11D3-BF4B-00C04F79EFBC}") = "JParser", "JParser\JParser.csproj", "{9757AE89-9CA7-4FC3-9AF0-9BD2F2BD83D7}"
EndProject
Project("{FAE04EC0-301F-11D3-BF4B-00C04F79EFBC}") = "JParser.Tests", "JParser.Tests\JParser.Tests.csproj", "{6CDBCAED-1B6F-4109-9CA4-F2CE0372815F}"
EndProject
Global
	GlobalSection(SolutionConfigurationPlatforms) = preSolution
		Debug|Any CPU = Debug|Any CPU
		Release|Any CPU = Release|Any CPU
	EndGlobalSection
	GlobalSection(ProjectConfigurationPlatforms) = postSolution
		{9757AE89-9CA7-4FC3-9AF0-9BD2F2BD83D7}.Debug|Any CPU.ActiveCfg = Debug|Any CPU
		{9757AE89-9CA7-4FC3-9AF0-9BD2F2BD83D7}.Debug|Any CPU.Build.0 = Debug|Any CPU
		{9757AE89-9CA7-4FC3-9AF0-9BD2F2BD83D7}.Release|Any CPU.ActiveCfg = Release|Any CPU
		{9757AE89-9CA7-4FC3-9AF0-9BD2F2BD83D7}.Release|Any CPU.Build.0 = Release|Any CPU
		{6CDBCAED-1B6F-4109-9CA4-F2CE0372815F}.Debug|Any CPU.ActiveCfg = Debug|Any CPU
		{6CDBCAED-1B6F-4109-9CA4-F2CE0372815F}.Debug|Any CPU.Build.0 = Debug|Any CPU
		{6CDBCAED-1B6F-4109-9CA4-F2CE0372815F}.Release|Any CPU.ActiveCfg = Release|Any CPU
		{6CDBCAED-1B6F-4109-9CA4-F2CE0372815F}.Release|Any CPU.Build.0 = Release|Any CPU
	EndGlobalSection
	GlobalSection(SolutionProperties) = preSolution
		HideSolutionNode = FALSE
	EndGlobalSection
	GlobalSection(ExtensibilityGlobals) = postSolution
		SolutionGuid = {C1861A47-C7D1-4703-9589-38219DAD5BB8}
	EndGlobalSection
EndGlobal
